{
  "originHash" : "408f09aa743b00f8ca59d7a7719affde4214099d8d1a47d1ae8933640833b461",
  "pins" : [
    {
      "identity" : "alamofire",
      "kind" : "remoteSourceControl",
      "location" : "https://github.com/Alamofire/Alamofire",
      "state" : {
        "revision" : "f455c2975872ccd2d9c81594c658af65716e9b9a",
        "version" : "5.9.1"
      }
    },
    {
      "identity" : "swiftutils",
      "kind" : "remoteSourceControl",
      "location" : "https://github.com/zhihaofans/SwiftUtils",
      "state" : {
        "branch" : "main",
        "revision" : "3048608acdf95a23489def7568a3903a055f0778"
      }
    }
  ],
  "version" : 3
}
