// !$*UTF8*$!
{
	archiveVersion = 1;
	classes = {
	};
	objectVersion = 56;
	objects = {

/* Begin PBXBuildFile section */
		265D49B32C063D5600690E9D /* MacBoxApp.swift in Sources */ = {isa = PBXBuildFile; fileRef = 265D49B22C063D5600690E9D /* MacBoxApp.swift */; };
		265D49B52C063D5600690E9D /* ContentView.swift in Sources */ = {isa = PBXBuildFile; fileRef = 265D49B42C063D5600690E9D /* ContentView.swift */; };
		265D49B72C063D5700690E9D /* Assets.xcassets in Resources */ = {isa = PBXBuildFile; fileRef = 265D49B62C063D5700690E9D /* Assets.xcassets */; };
		265D49BA2C063D5700690E9D /* Preview Assets.xcassets in Resources */ = {isa = PBXBuildFile; fileRef = 265D49B92C063D5700690E9D /* Preview Assets.xcassets */; };
		265D49CC2C0784EE00690E9D /* Alamofire in Frameworks */ = {isa = PBXBuildFile; productRef = 265D49CB2C0784EE00690E9D /* Alamofire */; };
		265D49CF2C0A2EFA00690E9D /* LoginService.swift in Sources */ = {isa = PBXBuildFile; fileRef = 265D49CE2C0A2EFA00690E9D /* LoginService.swift */; };
		265D49D42C0CD05500690E9D /* LoginModel.swift in Sources */ = {isa = PBXBuildFile; fileRef = 265D49D32C0CD05500690E9D /* LoginModel.swift */; };
		265D49D72C11409900690E9D /* QrcodeUtil.swift in Sources */ = {isa = PBXBuildFile; fileRef = 265D49D62C11409900690E9D /* QrcodeUtil.swift */; };
		265D49DA2C14AF8700690E9D /* ToolsView.swift in Sources */ = {isa = PBXBuildFile; fileRef = 265D49D92C14AF8700690E9D /* ToolsView.swift */; };
		265D49DC2C14B94500690E9D /* MainView.swift in Sources */ = {isa = PBXBuildFile; fileRef = 265D49DB2C14B94500690E9D /* MainView.swift */; };
		265D49DE2C160B4C00690E9D /* ReminderView.swift in Sources */ = {isa = PBXBuildFile; fileRef = 265D49DD2C160B4C00690E9D /* ReminderView.swift */; };
		265D49E02C160D7100690E9D /* ReminderDataModel.swift in Sources */ = {isa = PBXBuildFile; fileRef = 265D49DF2C160D7100690E9D /* ReminderDataModel.swift */; };
		265D49E42C18985A00690E9D /* ReminderService.swift in Sources */ = {isa = PBXBuildFile; fileRef = 265D49E32C18985A00690E9D /* ReminderService.swift */; };
		26FD04032C19F9510076245C /* DateUtil.swift in Sources */ = {isa = PBXBuildFile; fileRef = 26FD04022C19F9510076245C /* DateUtil.swift */; };
		26FD04052C1B31640076245C /* EncodeUtil.swift in Sources */ = {isa = PBXBuildFile; fileRef = 26FD04042C1B31640076245C /* EncodeUtil.swift */; };
		26FD04082C1B3A6C0076245C /* StringEx.swift in Sources */ = {isa = PBXBuildFile; fileRef = 26FD04072C1B3A6C0076245C /* StringEx.swift */; };
		26FD040A2C1B3B860076245C /* IntEx.swift in Sources */ = {isa = PBXBuildFile; fileRef = 26FD04092C1B3B860076245C /* IntEx.swift */; };
		26FD040C2C1B3C770076245C /* BoolEx.swift in Sources */ = {isa = PBXBuildFile; fileRef = 26FD040B2C1B3C770076245C /* BoolEx.swift */; };
/* End PBXBuildFile section */

/* Begin PBXFileReference section */
		265D49AF2C063D5600690E9D /* MacBox.app */ = {isa = PBXFileReference; explicitFileType = wrapper.application; includeInIndex = 0; path = MacBox.app; sourceTree = BUILT_PRODUCTS_DIR; };
		265D49B22C063D5600690E9D /* MacBoxApp.swift */ = {isa = PBXFileReference; lastKnownFileType = sourcecode.swift; path = MacBoxApp.swift; sourceTree = "<group>"; };
		265D49B42C063D5600690E9D /* ContentView.swift */ = {isa = PBXFileReference; lastKnownFileType = sourcecode.swift; path = ContentView.swift; sourceTree = "<group>"; };
		265D49B62C063D5700690E9D /* Assets.xcassets */ = {isa = PBXFileReference; lastKnownFileType = folder.assetcatalog; path = Assets.xcassets; sourceTree = "<group>"; };
		265D49B92C063D5700690E9D /* Preview Assets.xcassets */ = {isa = PBXFileReference; lastKnownFileType = folder.assetcatalog; path = "Preview Assets.xcassets"; sourceTree = "<group>"; };
		265D49BB2C063D5700690E9D /* MacBox.entitlements */ = {isa = PBXFileReference; lastKnownFileType = text.plist.entitlements; path = MacBox.entitlements; sourceTree = "<group>"; };
		265D49C12C07729B00690E9D /* Info.plist */ = {isa = PBXFileReference; lastKnownFileType = text.plist; path = Info.plist; sourceTree = "<group>"; };
		265D49CE2C0A2EFA00690E9D /* LoginService.swift */ = {isa = PBXFileReference; lastKnownFileType = sourcecode.swift; path = LoginService.swift; sourceTree = "<group>"; };
		265D49D32C0CD05500690E9D /* LoginModel.swift */ = {isa = PBXFileReference; lastKnownFileType = sourcecode.swift; path = LoginModel.swift; sourceTree = "<group>"; };
		265D49D62C11409900690E9D /* QrcodeUtil.swift */ = {isa = PBXFileReference; lastKnownFileType = sourcecode.swift; path = QrcodeUtil.swift; sourceTree = "<group>"; };
		265D49D92C14AF8700690E9D /* ToolsView.swift */ = {isa = PBXFileReference; lastKnownFileType = sourcecode.swift; path = ToolsView.swift; sourceTree = "<group>"; };
		265D49DB2C14B94500690E9D /* MainView.swift */ = {isa = PBXFileReference; lastKnownFileType = sourcecode.swift; path = MainView.swift; sourceTree = "<group>"; };
		265D49DD2C160B4C00690E9D /* ReminderView.swift */ = {isa = PBXFileReference; lastKnownFileType = sourcecode.swift; path = ReminderView.swift; sourceTree = "<group>"; };
		265D49DF2C160D7100690E9D /* ReminderDataModel.swift */ = {isa = PBXFileReference; lastKnownFileType = sourcecode.swift; path = ReminderDataModel.swift; sourceTree = "<group>"; };
		265D49E32C18985A00690E9D /* ReminderService.swift */ = {isa = PBXFileReference; lastKnownFileType = sourcecode.swift; path = ReminderService.swift; sourceTree = "<group>"; };
		26FD04022C19F9510076245C /* DateUtil.swift */ = {isa = PBXFileReference; lastKnownFileType = sourcecode.swift; path = DateUtil.swift; sourceTree = "<group>"; };
		26FD04042C1B31640076245C /* EncodeUtil.swift */ = {isa = PBXFileReference; fileEncoding = 4; lastKnownFileType = sourcecode.swift; path = EncodeUtil.swift; sourceTree = "<group>"; };
		26FD04072C1B3A6C0076245C /* StringEx.swift */ = {isa = PBXFileReference; lastKnownFileType = sourcecode.swift; path = StringEx.swift; sourceTree = "<group>"; };
		26FD04092C1B3B860076245C /* IntEx.swift */ = {isa = PBXFileReference; lastKnownFileType = sourcecode.swift; path = IntEx.swift; sourceTree = "<group>"; };
		26FD040B2C1B3C770076245C /* BoolEx.swift */ = {isa = PBXFileReference; lastKnownFileType = sourcecode.swift; path = BoolEx.swift; sourceTree = "<group>"; };
/* End PBXFileReference section */

/* Begin PBXFrameworksBuildPhase section */
		265D49AC2C063D5600690E9D /* Frameworks */ = {
			isa = PBXFrameworksBuildPhase;
			buildActionMask = 2147483647;
			files = (
				265D49CC2C0784EE00690E9D /* Alamofire in Frameworks */,
			);
			runOnlyForDeploymentPostprocessing = 0;
		};
/* End PBXFrameworksBuildPhase section */

/* Begin PBXGroup section */
		265D49A62C063D5600690E9D = {
			isa = PBXGroup;
			children = (
				265D49B12C063D5600690E9D /* MacBox */,
				265D49B02C063D5600690E9D /* Products */,
			);
			sourceTree = "<group>";
		};
		265D49B02C063D5600690E9D /* Products */ = {
			isa = PBXGroup;
			children = (
				265D49AF2C063D5600690E9D /* MacBox.app */,
			);
			name = Products;
			sourceTree = "<group>";
		};
		265D49B12C063D5600690E9D /* MacBox */ = {
			isa = PBXGroup;
			children = (
				26FD04062C1B3A5F0076245C /* SwiftEx */,
				265D49D82C14AEF400690E9D /* Views */,
				265D49D52C11408600690E9D /* Utils */,
				265D49D22C0CD03600690E9D /* Models */,
				265D49CD2C0A2EE100690E9D /* Services */,
				265D49C12C07729B00690E9D /* Info.plist */,
				265D49B22C063D5600690E9D /* MacBoxApp.swift */,
				265D49B42C063D5600690E9D /* ContentView.swift */,
				265D49B62C063D5700690E9D /* Assets.xcassets */,
				265D49BB2C063D5700690E9D /* MacBox.entitlements */,
				265D49B82C063D5700690E9D /* Preview Content */,
			);
			path = MacBox;
			sourceTree = "<group>";
		};
		265D49B82C063D5700690E9D /* Preview Content */ = {
			isa = PBXGroup;
			children = (
				265D49B92C063D5700690E9D /* Preview Assets.xcassets */,
			);
			path = "Preview Content";
			sourceTree = "<group>";
		};
		265D49CD2C0A2EE100690E9D /* Services */ = {
			isa = PBXGroup;
			children = (
				265D49CE2C0A2EFA00690E9D /* LoginService.swift */,
				265D49E32C18985A00690E9D /* ReminderService.swift */,
			);
			path = Services;
			sourceTree = "<group>";
		};
		265D49D22C0CD03600690E9D /* Models */ = {
			isa = PBXGroup;
			children = (
				265D49D32C0CD05500690E9D /* LoginModel.swift */,
				265D49DF2C160D7100690E9D /* ReminderDataModel.swift */,
			);
			path = Models;
			sourceTree = "<group>";
		};
		265D49D52C11408600690E9D /* Utils */ = {
			isa = PBXGroup;
			children = (
				26FD04042C1B31640076245C /* EncodeUtil.swift */,
				265D49D62C11409900690E9D /* QrcodeUtil.swift */,
				26FD04022C19F9510076245C /* DateUtil.swift */,
			);
			path = Utils;
			sourceTree = "<group>";
		};
		265D49D82C14AEF400690E9D /* Views */ = {
			isa = PBXGroup;
			children = (
				265D49D92C14AF8700690E9D /* ToolsView.swift */,
				265D49DB2C14B94500690E9D /* MainView.swift */,
				265D49DD2C160B4C00690E9D /* ReminderView.swift */,
			);
			path = Views;
			sourceTree = "<group>";
		};
		26FD04062C1B3A5F0076245C /* SwiftEx */ = {
			isa = PBXGroup;
			children = (
				26FD04072C1B3A6C0076245C /* StringEx.swift */,
				26FD04092C1B3B860076245C /* IntEx.swift */,
				26FD040B2C1B3C770076245C /* BoolEx.swift */,
			);
			path = SwiftEx;
			sourceTree = "<group>";
		};
/* End PBXGroup section */

/* Begin PBXNativeTarget section */
		265D49AE2C063D5600690E9D /* MacBox */ = {
			isa = PBXNativeTarget;
			buildConfigurationList = 265D49BE2C063D5700690E9D /* Build configuration list for PBXNativeTarget "MacBox" */;
			buildPhases = (
				265D49AB2C063D5600690E9D /* Sources */,
				265D49AC2C063D5600690E9D /* Frameworks */,
				265D49AD2C063D5600690E9D /* Resources */,
			);
			buildRules = (
			);
			dependencies = (
			);
			name = MacBox;
			packageProductDependencies = (
				265D49CB2C0784EE00690E9D /* Alamofire */,
			);
			productName = MacBox;
			productReference = 265D49AF2C063D5600690E9D /* MacBox.app */;
			productType = "com.apple.product-type.application";
		};
/* End PBXNativeTarget section */

/* Begin PBXProject section */
		265D49A72C063D5600690E9D /* Project object */ = {
			isa = PBXProject;
			attributes = {
				BuildIndependentTargetsInParallel = 1;
				LastSwiftUpdateCheck = 1540;
				LastUpgradeCheck = 1540;
				TargetAttributes = {
					265D49AE2C063D5600690E9D = {
						CreatedOnToolsVersion = 15.4;
					};
				};
			};
			buildConfigurationList = 265D49AA2C063D5600690E9D /* Build configuration list for PBXProject "MacBox" */;
			compatibilityVersion = "Xcode 14.0";
			developmentRegion = en;
			hasScannedForEncodings = 0;
			knownRegions = (
				en,
				Base,
			);
			mainGroup = 265D49A62C063D5600690E9D;
			packageReferences = (
				265D49CA2C0784ED00690E9D /* XCRemoteSwiftPackageReference "Alamofire" */,
			);
			productRefGroup = 265D49B02C063D5600690E9D /* Products */;
			projectDirPath = "";
			projectRoot = "";
			targets = (
				265D49AE2C063D5600690E9D /* MacBox */,
			);
		};
/* End PBXProject section */

/* Begin PBXResourcesBuildPhase section */
		265D49AD2C063D5600690E9D /* Resources */ = {
			isa = PBXResourcesBuildPhase;
			buildActionMask = 2147483647;
			files = (
				265D49BA2C063D5700690E9D /* Preview Assets.xcassets in Resources */,
				265D49B72C063D5700690E9D /* Assets.xcassets in Resources */,
			);
			runOnlyForDeploymentPostprocessing = 0;
		};
/* End PBXResourcesBuildPhase section */

/* Begin PBXSourcesBuildPhase section */
		265D49AB2C063D5600690E9D /* Sources */ = {
			isa = PBXSourcesBuildPhase;
			buildActionMask = 2147483647;
			files = (
				265D49DA2C14AF8700690E9D /* ToolsView.swift in Sources */,
				26FD040C2C1B3C770076245C /* BoolEx.swift in Sources */,
				26FD04032C19F9510076245C /* DateUtil.swift in Sources */,
				265D49E42C18985A00690E9D /* ReminderService.swift in Sources */,
				26FD04052C1B31640076245C /* EncodeUtil.swift in Sources */,
				265D49DC2C14B94500690E9D /* MainView.swift in Sources */,
				265D49B52C063D5600690E9D /* ContentView.swift in Sources */,
				265D49D42C0CD05500690E9D /* LoginModel.swift in Sources */,
				265D49CF2C0A2EFA00690E9D /* LoginService.swift in Sources */,
				26FD040A2C1B3B860076245C /* IntEx.swift in Sources */,
				265D49D72C11409900690E9D /* QrcodeUtil.swift in Sources */,
				265D49DE2C160B4C00690E9D /* ReminderView.swift in Sources */,
				265D49B32C063D5600690E9D /* MacBoxApp.swift in Sources */,
				26FD04082C1B3A6C0076245C /* StringEx.swift in Sources */,
				265D49E02C160D7100690E9D /* ReminderDataModel.swift in Sources */,
			);
			runOnlyForDeploymentPostprocessing = 0;
		};
/* End PBXSourcesBuildPhase section */

/* Begin XCBuildConfiguration section */
		265D49BC2C063D5700690E9D /* Debug */ = {
			isa = XCBuildConfiguration;
			buildSettings = {
				ALWAYS_SEARCH_USER_PATHS = NO;
				ASSETCATALOG_COMPILER_GENERATE_SWIFT_ASSET_SYMBOL_EXTENSIONS = YES;
				CLANG_ANALYZER_NONNULL = YES;
				CLANG_ANALYZER_NUMBER_OBJECT_CONVERSION = YES_AGGRESSIVE;
				CLANG_CXX_LANGUAGE_STANDARD = "gnu++20";
				CLANG_ENABLE_MODULES = YES;
				CLANG_ENABLE_OBJC_ARC = YES;
				CLANG_ENABLE_OBJC_WEAK = YES;
				CLANG_WARN_BLOCK_CAPTURE_AUTORELEASING = YES;
				CLANG_WARN_BOOL_CONVERSION = YES;
				CLANG_WARN_COMMA = YES;
				CLANG_WARN_CONSTANT_CONVERSION = YES;
				CLANG_WARN_DEPRECATED_OBJC_IMPLEMENTATIONS = YES;
				CLANG_WARN_DIRECT_OBJC_ISA_USAGE = YES_ERROR;
				CLANG_WARN_DOCUMENTATION_COMMENTS = YES;
				CLANG_WARN_EMPTY_BODY = YES;
				CLANG_WARN_ENUM_CONVERSION = YES;
				CLANG_WARN_INFINITE_RECURSION = YES;
				CLANG_WARN_INT_CONVERSION = YES;
				CLANG_WARN_NON_LITERAL_NULL_CONVERSION = YES;
				CLANG_WARN_OBJC_IMPLICIT_RETAIN_SELF = YES;
				CLANG_WARN_OBJC_LITERAL_CONVERSION = YES;
				CLANG_WARN_OBJC_ROOT_CLASS = YES_ERROR;
				CLANG_WARN_QUOTED_INCLUDE_IN_FRAMEWORK_HEADER = YES;
				CLANG_WARN_RANGE_LOOP_ANALYSIS = YES;
				CLANG_WARN_STRICT_PROTOTYPES = YES;
				CLANG_WARN_SUSPICIOUS_MOVE = YES;
				CLANG_WARN_UNGUARDED_AVAILABILITY = YES_AGGRESSIVE;
				CLANG_WARN_UNREACHABLE_CODE = YES;
				CLANG_WARN__DUPLICATE_METHOD_MATCH = YES;
				COPY_PHASE_STRIP = NO;
				DEBUG_INFORMATION_FORMAT = dwarf;
				ENABLE_STRICT_OBJC_MSGSEND = YES;
				ENABLE_TESTABILITY = YES;
				ENABLE_USER_SCRIPT_SANDBOXING = YES;
				GCC_C_LANGUAGE_STANDARD = gnu17;
				GCC_DYNAMIC_NO_PIC = NO;
				GCC_NO_COMMON_BLOCKS = YES;
				GCC_OPTIMIZATION_LEVEL = 0;
				GCC_PREPROCESSOR_DEFINITIONS = (
					"DEBUG=1",
					"$(inherited)",
				);
				GCC_WARN_64_TO_32_BIT_CONVERSION = YES;
				GCC_WARN_ABOUT_RETURN_TYPE = YES_ERROR;
				GCC_WARN_UNDECLARED_SELECTOR = YES;
				GCC_WARN_UNINITIALIZED_AUTOS = YES_AGGRESSIVE;
				GCC_WARN_UNUSED_FUNCTION = YES;
				GCC_WARN_UNUSED_VARIABLE = YES;
				LOCALIZATION_PREFERS_STRING_CATALOGS = YES;
				MACOSX_DEPLOYMENT_TARGET = 14.5;
				MTL_ENABLE_DEBUG_INFO = INCLUDE_SOURCE;
				MTL_FAST_MATH = YES;
				ONLY_ACTIVE_ARCH = YES;
				SDKROOT = macosx;
				SWIFT_ACTIVE_COMPILATION_CONDITIONS = "DEBUG $(inherited)";
				SWIFT_OPTIMIZATION_LEVEL = "-Onone";
			};
			name = Debug;
		};
		265D49BD2C063D5700690E9D /* Release */ = {
			isa = XCBuildConfiguration;
			buildSettings = {
				ALWAYS_SEARCH_USER_PATHS = NO;
				ASSETCATALOG_COMPILER_GENERATE_SWIFT_ASSET_SYMBOL_EXTENSIONS = YES;
				CLANG_ANALYZER_NONNULL = YES;
				CLANG_ANALYZER_NUMBER_OBJECT_CONVERSION = YES_AGGRESSIVE;
				CLANG_CXX_LANGUAGE_STANDARD = "gnu++20";
				CLANG_ENABLE_MODULES = YES;
				CLANG_ENABLE_OBJC_ARC = YES;
				CLANG_ENABLE_OBJC_WEAK = YES;
				CLANG_WARN_BLOCK_CAPTURE_AUTORELEASING = YES;
				CLANG_WARN_BOOL_CONVERSION = YES;
				CLANG_WARN_COMMA = YES;
				CLANG_WARN_CONSTANT_CONVERSION = YES;
				CLANG_WARN_DEPRECATED_OBJC_IMPLEMENTATIONS = YES;
				CLANG_WARN_DIRECT_OBJC_ISA_USAGE = YES_ERROR;
				CLANG_WARN_DOCUMENTATION_COMMENTS = YES;
				CLANG_WARN_EMPTY_BODY = YES;
				CLANG_WARN_ENUM_CONVERSION = YES;
				CLANG_WARN_INFINITE_RECURSION = YES;
				CLANG_WARN_INT_CONVERSION = YES;
				CLANG_WARN_NON_LITERAL_NULL_CONVERSION = YES;
				CLANG_WARN_OBJC_IMPLICIT_RETAIN_SELF = YES;
				CLANG_WARN_OBJC_LITERAL_CONVERSION = YES;
				CLANG_WARN_OBJC_ROOT_CLASS = YES_ERROR;
				CLANG_WARN_QUOTED_INCLUDE_IN_FRAMEWORK_HEADER = YES;
				CLANG_WARN_RANGE_LOOP_ANALYSIS = YES;
				CLANG_WARN_STRICT_PROTOTYPES = YES;
				CLANG_WARN_SUSPICIOUS_MOVE = YES;
				CLANG_WARN_UNGUARDED_AVAILABILITY = YES_AGGRESSIVE;
				CLANG_WARN_UNREACHABLE_CODE = YES;
				CLANG_WARN__DUPLICATE_METHOD_MATCH = YES;
				COPY_PHASE_STRIP = NO;
				DEBUG_INFORMATION_FORMAT = "dwarf-with-dsym";
				ENABLE_NS_ASSERTIONS = NO;
				ENABLE_STRICT_OBJC_MSGSEND = YES;
				ENABLE_USER_SCRIPT_SANDBOXING = YES;
				GCC_C_LANGUAGE_STANDARD = gnu17;
				GCC_NO_COMMON_BLOCKS = YES;
				GCC_WARN_64_TO_32_BIT_CONVERSION = YES;
				GCC_WARN_ABOUT_RETURN_TYPE = YES_ERROR;
				GCC_WARN_UNDECLARED_SELECTOR = YES;
				GCC_WARN_UNINITIALIZED_AUTOS = YES_AGGRESSIVE;
				GCC_WARN_UNUSED_FUNCTION = YES;
				GCC_WARN_UNUSED_VARIABLE = YES;
				LOCALIZATION_PREFERS_STRING_CATALOGS = YES;
				MACOSX_DEPLOYMENT_TARGET = 14.5;
				MTL_ENABLE_DEBUG_INFO = NO;
				MTL_FAST_MATH = YES;
				SDKROOT = macosx;
				SWIFT_COMPILATION_MODE = wholemodule;
			};
			name = Release;
		};
		265D49BF2C063D5700690E9D /* Debug */ = {
			isa = XCBuildConfiguration;
			buildSettings = {
				ASSETCATALOG_COMPILER_APPICON_NAME = AppIcon;
				ASSETCATALOG_COMPILER_GLOBAL_ACCENT_COLOR_NAME = AccentColor;
				CODE_SIGN_ENTITLEMENTS = MacBox/MacBox.entitlements;
				CODE_SIGN_STYLE = Automatic;
				COMBINE_HIDPI_IMAGES = YES;
				CURRENT_PROJECT_VERSION = 1;
				DEVELOPMENT_ASSET_PATHS = "\"MacBox/Preview Content\"";
				ENABLE_PREVIEWS = YES;
				GENERATE_INFOPLIST_FILE = YES;
				INFOPLIST_FILE = MacBox/Info.plist;
				INFOPLIST_KEY_NSHumanReadableCopyright = "";
				LD_RUNPATH_SEARCH_PATHS = (
					"$(inherited)",
					"@executable_path/../Frameworks",
				);
				MARKETING_VERSION = 1.0;
				PRODUCT_BUNDLE_IDENTIFIER = me.zzhhoo.MacBox;
				PRODUCT_NAME = "$(TARGET_NAME)";
				SWIFT_EMIT_LOC_STRINGS = YES;
				SWIFT_VERSION = 5.0;
			};
			name = Debug;
		};
		265D49C02C063D5700690E9D /* Release */ = {
			isa = XCBuildConfiguration;
			buildSettings = {
				ASSETCATALOG_COMPILER_APPICON_NAME = AppIcon;
				ASSETCATALOG_COMPILER_GLOBAL_ACCENT_COLOR_NAME = AccentColor;
				CODE_SIGN_ENTITLEMENTS = MacBox/MacBox.entitlements;
				CODE_SIGN_STYLE = Automatic;
				COMBINE_HIDPI_IMAGES = YES;
				CURRENT_PROJECT_VERSION = 1;
				DEVELOPMENT_ASSET_PATHS = "\"MacBox/Preview Content\"";
				ENABLE_PREVIEWS = YES;
				GENERATE_INFOPLIST_FILE = YES;
				INFOPLIST_FILE = MacBox/Info.plist;
				INFOPLIST_KEY_NSHumanReadableCopyright = "";
				LD_RUNPATH_SEARCH_PATHS = (
					"$(inherited)",
					"@executable_path/../Frameworks",
				);
				MARKETING_VERSION = 1.0;
				PRODUCT_BUNDLE_IDENTIFIER = me.zzhhoo.MacBox;
				PRODUCT_NAME = "$(TARGET_NAME)";
				SWIFT_EMIT_LOC_STRINGS = YES;
				SWIFT_VERSION = 5.0;
			};
			name = Release;
		};
/* End XCBuildConfiguration section */

/* Begin XCConfigurationList section */
		265D49AA2C063D5600690E9D /* Build configuration list for PBXProject "MacBox" */ = {
			isa = XCConfigurationList;
			buildConfigurations = (
				265D49BC2C063D5700690E9D /* Debug */,
				265D49BD2C063D5700690E9D /* Release */,
			);
			defaultConfigurationIsVisible = 0;
			defaultConfigurationName = Release;
		};
		265D49BE2C063D5700690E9D /* Build configuration list for PBXNativeTarget "MacBox" */ = {
			isa = XCConfigurationList;
			buildConfigurations = (
				265D49BF2C063D5700690E9D /* Debug */,
				265D49C02C063D5700690E9D /* Release */,
			);
			defaultConfigurationIsVisible = 0;
			defaultConfigurationName = Release;
		};
/* End XCConfigurationList section */

/* Begin XCRemoteSwiftPackageReference section */
		265D49CA2C0784ED00690E9D /* XCRemoteSwiftPackageReference "Alamofire" */ = {
			isa = XCRemoteSwiftPackageReference;
			repositoryURL = "https://github.com/Alamofire/Alamofire";
			requirement = {
				kind = upToNextMajorVersion;
				minimumVersion = 5.9.1;
			};
		};
/* End XCRemoteSwiftPackageReference section */

/* Begin XCSwiftPackageProductDependency section */
		265D49CB2C0784EE00690E9D /* Alamofire */ = {
			isa = XCSwiftPackageProductDependency;
			package = 265D49CA2C0784ED00690E9D /* XCRemoteSwiftPackageReference "Alamofire" */;
			productName = Alamofire;
		};
/* End XCSwiftPackageProductDependency section */
	};
	rootObject = 265D49A72C063D5600690E9D /* Project object */;
}
